// !$*UTF8*$!
{
	archiveVersion = 1;
	classes = {
	};
	objectVersion = 55;
	objects = {

/* Begin PBXBuildFile section */
		55285FB327F694C2006C0645 /* Tests_iOS.swift in Sources */ = {isa = PBXBuildFile; fileRef = 55285FB227F694C2006C0645 /* Tests_iOS.swift */; };
		55285FB527F694C2006C0645 /* Tests_iOSLaunchTests.swift in Sources */ = {isa = PBXBuildFile; fileRef = 55285FB427F694C2006C0645 /* Tests_iOSLaunchTests.swift */; };
		55285FBF27F694C2006C0645 /* Tests_macOS.swift in Sources */ = {isa = PBXBuildFile; fileRef = 55285FBE27F694C2006C0645 /* Tests_macOS.swift */; };
		55285FC127F694C2006C0645 /* Tests_macOSLaunchTests.swift in Sources */ = {isa = PBXBuildFile; fileRef = 55285FC027F694C2006C0645 /* Tests_macOSLaunchTests.swift */; };
		55285FC227F694C2006C0645 /* simpleGUIApp.swift in Sources */ = {isa = PBXBuildFile; fileRef = 55285F9A27F694C1006C0645 /* simpleGUIApp.swift */; };
		55285FC327F694C2006C0645 /* simpleGUIApp.swift in Sources */ = {isa = PBXBuildFile; fileRef = 55285F9A27F694C1006C0645 /* simpleGUIApp.swift */; };
		55285FC427F694C2006C0645 /* ContentView.swift in Sources */ = {isa = PBXBuildFile; fileRef = 55285F9B27F694C1006C0645 /* ContentView.swift */; };
		55285FC527F694C2006C0645 /* ContentView.swift in Sources */ = {isa = PBXBuildFile; fileRef = 55285F9B27F694C1006C0645 /* ContentView.swift */; };
		55285FC627F694C2006C0645 /* Assets.xcassets in Resources */ = {isa = PBXBuildFile; fileRef = 55285F9C27F694C2006C0645 /* Assets.xcassets */; };
		55285FC727F694C2006C0645 /* Assets.xcassets in Resources */ = {isa = PBXBuildFile; fileRef = 55285F9C27F694C2006C0645 /* Assets.xcassets */; };
/* End PBXBuildFile section */

/* Begin PBXContainerItemProxy section */
		55285FAF27F694C2006C0645 /* PBXContainerItemProxy */ = {
			isa = PBXContainerItemProxy;
			containerPortal = 55285F9527F694C1006C0645 /* Project object */;
			proxyType = 1;
			remoteGlobalIDString = 55285FA027F694C2006C0645;
			remoteInfo = "simpleGUI (iOS)";
		};
		55285FBB27F694C2006C0645 /* PBXContainerItemProxy */ = {
			isa = PBXContainerItemProxy;
			containerPortal = 55285F9527F694C1006C0645 /* Project object */;
			proxyType = 1;
			remoteGlobalIDString = 55285FA627F694C2006C0645;
			remoteInfo = "simpleGUI (macOS)";
		};
/* End PBXContainerItemProxy section */

/* Begin PBXFileReference section */
		55285F9A27F694C1006C0645 /* simpleGUIApp.swift */ = {isa = PBXFileReference; lastKnownFileType = sourcecode.swift; path = simpleGUIApp.swift; sourceTree = "<group>"; };
		55285F9B27F694C1006C0645 /* ContentView.swift */ = {isa = PBXFileReference; lastKnownFileType = sourcecode.swift; path = ContentView.swift; sourceTree = "<group>"; };
		55285F9C27F694C2006C0645 /* Assets.xcassets */ = {isa = PBXFileReference; lastKnownFileType = folder.assetcatalog; path = Assets.xcassets; sourceTree = "<group>"; };
		55285FA127F694C2006C0645 /* simpleGUI.app */ = {isa = PBXFileReference; explicitFileType = wrapper.application; includeInIndex = 0; path = simpleGUI.app; sourceTree = BUILT_PRODUCTS_DIR; };
		55285FA727F694C2006C0645 /* simpleGUI.app */ = {isa = PBXFileReference; explicitFileType = wrapper.application; includeInIndex = 0; path = simpleGUI.app; sourceTree = BUILT_PRODUCTS_DIR; };
		55285FA927F694C2006C0645 /* macOS.entitlements */ = {isa = PBXFileReference; lastKnownFileType = text.plist.entitlements; path = macOS.entitlements; sourceTree = "<group>"; };
		55285FAE27F694C2006C0645 /* Tests iOS.xctest */ = {isa = PBXFileReference; explicitFileType = wrapper.cfbundle; includeInIndex = 0; path = "Tests iOS.xctest"; sourceTree = BUILT_PRODUCTS_DIR; };
		55285FB227F694C2006C0645 /* Tests_iOS.swift */ = {isa = PBXFileReference; lastKnownFileType = sourcecode.swift; path = Tests_iOS.swift; sourceTree = "<group>"; };
		55285FB427F694C2006C0645 /* Tests_iOSLaunchTests.swift */ = {isa = PBXFileReference; lastKnownFileType = sourcecode.swift; path = Tests_iOSLaunchTests.swift; sourceTree = "<group>"; };
		55285FBA27F694C2006C0645 /* Tests macOS.xctest */ = {isa = PBXFileReference; explicitFileType = wrapper.cfbundle; includeInIndex = 0; path = "Tests macOS.xctest"; sourceTree = BUILT_PRODUCTS_DIR; };
		55285FBE27F694C2006C0645 /* Tests_macOS.swift */ = {isa = PBXFileReference; lastKnownFileType = sourcecode.swift; path = Tests_macOS.swift; sourceTree = "<group>"; };
		55285FC027F694C2006C0645 /* Tests_macOSLaunchTests.swift */ = {isa = PBXFileReference; lastKnownFileType = sourcecode.swift; path = Tests_macOSLaunchTests.swift; sourceTree = "<group>"; };
/* End PBXFileReference section */

/* Begin PBXFrameworksBuildPhase section */
		55285F9E27F694C2006C0645 /* Frameworks */ = {
			isa = PBXFrameworksBuildPhase;
			buildActionMask = 2147483647;
			files = (
			);
			runOnlyForDeploymentPostprocessing = 0;
		};
		55285FA427F694C2006C0645 /* Frameworks */ = {
			isa = PBXFrameworksBuildPhase;
			buildActionMask = 2147483647;
			files = (
			);
			runOnlyForDeploymentPostprocessing = 0;
		};
		55285FAB27F694C2006C0645 /* Frameworks */ = {
			isa = PBXFrameworksBuildPhase;
			buildActionMask = 2147483647;
			files = (
			);
			runOnlyForDeploymentPostprocessing = 0;
		};
		55285FB727F694C2006C0645 /* Frameworks */ = {
			isa = PBXFrameworksBuildPhase;
			buildActionMask = 2147483647;
			files = (
			);
			runOnlyForDeploymentPostprocessing = 0;
		};
/* End PBXFrameworksBuildPhase section */

/* Begin PBXGroup section */
		55285F9427F694C1006C0645 = {
			isa = PBXGroup;
			children = (
				55285F9927F694C1006C0645 /* Shared */,
				55285FA827F694C2006C0645 /* macOS */,
				55285FB127F694C2006C0645 /* Tests iOS */,
				55285FBD27F694C2006C0645 /* Tests macOS */,
				55285FA227F694C2006C0645 /* Products */,
			);
			sourceTree = "<group>";
		};
		55285F9927F694C1006C0645 /* Shared */ = {
			isa = PBXGroup;
			children = (
				55285F9A27F694C1006C0645 /* simpleGUIApp.swift */,
				55285F9B27F694C1006C0645 /* ContentView.swift */,
				55285F9C27F694C2006C0645 /* Assets.xcassets */,
			);
			path = Shared;
			sourceTree = "<group>";
		};
		55285FA227F694C2006C0645 /* Products */ = {
			isa = PBXGroup;
			children = (
				55285FA127F694C2006C0645 /* simpleGUI.app */,
				55285FA727F694C2006C0645 /* simpleGUI.app */,
				55285FAE27F694C2006C0645 /* Tests iOS.xctest */,
				55285FBA27F694C2006C0645 /* Tests macOS.xctest */,
			);
			name = Products;
			sourceTree = "<group>";
		};
		55285FA827F694C2006C0645 /* macOS */ = {
			isa = PBXGroup;
			children = (
				55285FA927F694C2006C0645 /* macOS.entitlements */,
			);
			path = macOS;
			sourceTree = "<group>";
		};
		55285FB127F694C2006C0645 /* Tests iOS */ = {
			isa = PBXGroup;
			children = (
				55285FB227F694C2006C0645 /* Tests_iOS.swift */,
				55285FB427F694C2006C0645 /* Tests_iOSLaunchTests.swift */,
			);
			path = "Tests iOS";
			sourceTree = "<group>";
		};
		55285FBD27F694C2006C0645 /* Tests macOS */ = {
			isa = PBXGroup;
			children = (
				55285FBE27F694C2006C0645 /* Tests_macOS.swift */,
				55285FC027F694C2006C0645 /* Tests_macOSLaunchTests.swift */,
			);
			path = "Tests macOS";
			sourceTree = "<group>";
		};
/* End PBXGroup section */

/* Begin PBXNativeTarget section */
		55285FA027F694C2006C0645 /* simpleGUI (iOS) */ = {
			isa = PBXNativeTarget;
			buildConfigurationList = 55285FCA27F694C2006C0645 /* Build configuration list for PBXNativeTarget "simpleGUI (iOS)" */;
			buildPhases = (
				55285F9D27F694C2006C0645 /* Sources */,
				55285F9E27F694C2006C0645 /* Frameworks */,
				55285F9F27F694C2006C0645 /* Resources */,
			);
			buildRules = (
			);
			dependencies = (
			);
			name = "simpleGUI (iOS)";
			productName = "simpleGUI (iOS)";
			productReference = 55285FA127F694C2006C0645 /* simpleGUI.app */;
			productType = "com.apple.product-type.application";
		};
		55285FA627F694C2006C0645 /* simpleGUI (macOS) */ = {
			isa = PBXNativeTarget;
			buildConfigurationList = 55285FCD27F694C2006C0645 /* Build configuration list for PBXNativeTarget "simpleGUI (macOS)" */;
			buildPhases = (
				55285FA327F694C2006C0645 /* Sources */,
				55285FA427F694C2006C0645 /* Frameworks */,
				55285FA527F694C2006C0645 /* Resources */,
			);
			buildRules = (
			);
			dependencies = (
			);
			name = "simpleGUI (macOS)";
			productName = "simpleGUI (macOS)";
			productReference = 55285FA727F694C2006C0645 /* simpleGUI.app */;
			productType = "com.apple.product-type.application";
		};
		55285FAD27F694C2006C0645 /* Tests iOS */ = {
			isa = PBXNativeTarget;
			buildConfigurationList = 55285FD027F694C2006C0645 /* Build configuration list for PBXNativeTarget "Tests iOS" */;
			buildPhases = (
				55285FAA27F694C2006C0645 /* Sources */,
				55285FAB27F694C2006C0645 /* Frameworks */,
				55285FAC27F694C2006C0645 /* Resources */,
			);
			buildRules = (
			);
			dependencies = (
				55285FB027F694C2006C0645 /* PBXTargetDependency */,
			);
			name = "Tests iOS";
			productName = "Tests iOS";
			productReference = 55285FAE27F694C2006C0645 /* Tests iOS.xctest */;
			productType = "com.apple.product-type.bundle.ui-testing";
		};
		55285FB927F694C2006C0645 /* Tests macOS */ = {
			isa = PBXNativeTarget;
			buildConfigurationList = 55285FD327F694C2006C0645 /* Build configuration list for PBXNativeTarget "Tests macOS" */;
			buildPhases = (
				55285FB627F694C2006C0645 /* Sources */,
				55285FB727F694C2006C0645 /* Frameworks */,
				55285FB827F694C2006C0645 /* Resources */,
			);
			buildRules = (
			);
			dependencies = (
				55285FBC27F694C2006C0645 /* PBXTargetDependency */,
			);
			name = "Tests macOS";
			productName = "Tests macOS";
			productReference = 55285FBA27F694C2006C0645 /* Tests macOS.xctest */;
			productType = "com.apple.product-type.bundle.ui-testing";
		};
/* End PBXNativeTarget section */

/* Begin PBXProject section */
		55285F9527F694C1006C0645 /* Project object */ = {
			isa = PBXProject;
			attributes = {
				BuildIndependentTargetsInParallel = 1;
				LastSwiftUpdateCheck = 1320;
				LastUpgradeCheck = 1320;
				TargetAttributes = {
					55285FA027F694C2006C0645 = {
						CreatedOnToolsVersion = 13.2.1;
					};
					55285FA627F694C2006C0645 = {
						CreatedOnToolsVersion = 13.2.1;
					};
					55285FAD27F694C2006C0645 = {
						CreatedOnToolsVersion = 13.2.1;
						TestTargetID = 55285FA027F694C2006C0645;
					};
					55285FB927F694C2006C0645 = {
						CreatedOnToolsVersion = 13.2.1;
						TestTargetID = 55285FA627F694C2006C0645;
					};
				};
			};
			buildConfigurationList = 55285F9827F694C1006C0645 /* Build configuration list for PBXProject "simpleGUI" */;
			compatibilityVersion = "Xcode 13.0";
			developmentRegion = en;
			hasScannedForEncodings = 0;
			knownRegions = (
				en,
				Base,
			);
			mainGroup = 55285F9427F694C1006C0645;
			productRefGroup = 55285FA227F694C2006C0645 /* Products */;
			projectDirPath = "";
			projectRoot = "";
			targets = (
				55285FA027F694C2006C0645 /* simpleGUI (iOS) */,
				55285FA627F694C2006C0645 /* simpleGUI (macOS) */,
				55285FAD27F694C2006C0645 /* Tests iOS */,
				55285FB927F694C2006C0645 /* Tests macOS */,
			);
		};
/* End PBXProject section */

/* Begin PBXResourcesBuildPhase section */
		55285F9F27F694C2006C0645 /* Resources */ = {
			isa = PBXResourcesBuildPhase;
			buildActionMask = 2147483647;
			files = (
				55285FC627F694C2006C0645 /* Assets.xcassets in Resources */,
			);
			runOnlyForDeploymentPostprocessing = 0;
		};
		55285FA527F694C2006C0645 /* Resources */ = {
			isa = PBXResourcesBuildPhase;
			buildActionMask = 2147483647;
			files = (
				55285FC727F694C2006C0645 /* Assets.xcassets in Resources */,
			);
			runOnlyForDeploymentPostprocessing = 0;
		};
		55285FAC27F694C2006C0645 /* Resources */ = {
			isa = PBXResourcesBuildPhase;
			buildActionMask = 2147483647;
			files = (
			);
			runOnlyForDeploymentPostprocessing = 0;
		};
		55285FB827F694C2006C0645 /* Resources */ = {
			isa = PBXResourcesBuildPhase;
			buildActionMask = 2147483647;
			files = (
			);
			runOnlyForDeploymentPostprocessing = 0;
		};
/* End PBXResourcesBuildPhase section */

/* Begin PBXSourcesBuildPhase section */
		55285F9D27F694C2006C0645 /* Sources */ = {
			isa = PBXSourcesBuildPhase;
			buildActionMask = 2147483647;
			files = (
				55285FC427F694C2006C0645 /* ContentView.swift in Sources */,
				55285FC227F694C2006C0645 /* simpleGUIApp.swift in Sources */,
			);
			runOnlyForDeploymentPostprocessing = 0;
		};
		55285FA327F694C2006C0645 /* Sources */ = {
			isa = PBXSourcesBuildPhase;
			buildActionMask = 2147483647;
			files = (
				55285FC527F694C2006C0645 /* ContentView.swift in Sources */,
				55285FC327F694C2006C0645 /* simpleGUIApp.swift in Sources */,
			);
			runOnlyForDeploymentPostprocessing = 0;
		};
		55285FAA27F694C2006C0645 /* Sources */ = {
			isa = PBXSourcesBuildPhase;
			buildActionMask = 2147483647;
			files = (
				55285FB527F694C2006C0645 /* Tests_iOSLaunchTests.swift in Sources */,
				55285FB327F694C2006C0645 /* Tests_iOS.swift in Sources */,
			);
			runOnlyForDeploymentPostprocessing = 0;
		};
		55285FB627F694C2006C0645 /* Sources */ = {
			isa = PBXSourcesBuildPhase;
			buildActionMask = 2147483647;
			files = (
				55285FC127F694C2006C0645 /* Tests_macOSLaunchTests.swift in Sources */,
				55285FBF27F694C2006C0645 /* Tests_macOS.swift in Sources */,
			);
			runOnlyForDeploymentPostprocessing = 0;
		};
/* End PBXSourcesBuildPhase section */

/* Begin PBXTargetDependency section */
		55285FB027F694C2006C0645 /* PBXTargetDependency */ = {
			isa = PBXTargetDependency;
			target = 55285FA027F694C2006C0645 /* simpleGUI (iOS) */;
			targetProxy = 55285FAF27F694C2006C0645 /* PBXContainerItemProxy */;
		};
		55285FBC27F694C2006C0645 /* PBXTargetDependency */ = {
			isa = PBXTargetDependency;
			target = 55285FA627F694C2006C0645 /* simpleGUI (macOS) */;
			targetProxy = 55285FBB27F694C2006C0645 /* PBXContainerItemProxy */;
		};
/* End PBXTargetDependency section */

/* Begin XCBuildConfiguration section */
		55285FC827F694C2006C0645 /* Debug */ = {
			isa = XCBuildConfiguration;
			buildSettings = {
				ALWAYS_SEARCH_USER_PATHS = NO;
				CLANG_ANALYZER_NONNULL = YES;
				CLANG_ANALYZER_NUMBER_OBJECT_CONVERSION = YES_AGGRESSIVE;
				CLANG_CXX_LANGUAGE_STANDARD = "gnu++17";
				CLANG_CXX_LIBRARY = "libc++";
				CLANG_ENABLE_MODULES = YES;
				CLANG_ENABLE_OBJC_ARC = YES;
				CLANG_ENABLE_OBJC_WEAK = YES;
				CLANG_WARN_BLOCK_CAPTURE_AUTORELEASING = YES;
				CLANG_WARN_BOOL_CONVERSION = YES;
				CLANG_WARN_COMMA = YES;
				CLANG_WARN_CONSTANT_CONVERSION = YES;
				CLANG_WARN_DEPRECATED_OBJC_IMPLEMENTATIONS = YES;
				CLANG_WARN_DIRECT_OBJC_ISA_USAGE = YES_ERROR;
				CLANG_WARN_DOCUMENTATION_COMMENTS = YES;
				CLANG_WARN_EMPTY_BODY = YES;
				CLANG_WARN_ENUM_CONVERSION = YES;
				CLANG_WARN_INFINITE_RECURSION = YES;
				CLANG_WARN_INT_CONVERSION = YES;
				CLANG_WARN_NON_LITERAL_NULL_CONVERSION = YES;
				CLANG_WARN_OBJC_IMPLICIT_RETAIN_SELF = YES;
				CLANG_WARN_OBJC_LITERAL_CONVERSION = YES;
				CLANG_WARN_OBJC_ROOT_CLASS = YES_ERROR;
				CLANG_WARN_QUOTED_INCLUDE_IN_FRAMEWORK_HEADER = YES;
				CLANG_WARN_RANGE_LOOP_ANALYSIS = YES;
				CLANG_WARN_STRICT_PROTOTYPES = YES;
				CLANG_WARN_SUSPICIOUS_MOVE = YES;
				CLANG_WARN_UNGUARDED_AVAILABILITY = YES_AGGRESSIVE;
				CLANG_WARN_UNREACHABLE_CODE = YES;
				CLANG_WARN__DUPLICATE_METHOD_MATCH = YES;
				COPY_PHASE_STRIP = NO;
				DEBUG_INFORMATION_FORMAT = dwarf;
				ENABLE_STRICT_OBJC_MSGSEND = YES;
				ENABLE_TESTABILITY = YES;
				GCC_C_LANGUAGE_STANDARD = gnu11;
				GCC_DYNAMIC_NO_PIC = NO;
				GCC_NO_COMMON_BLOCKS = YES;
				GCC_OPTIMIZATION_LEVEL = 0;
				GCC_PREPROCESSOR_DEFINITIONS = (
					"DEBUG=1",
					"$(inherited)",
				);
				GCC_WARN_64_TO_32_BIT_CONVERSION = YES;
				GCC_WARN_ABOUT_RETURN_TYPE = YES_ERROR;
				GCC_WARN_UNDECLARED_SELECTOR = YES;
				GCC_WARN_UNINITIALIZED_AUTOS = YES_AGGRESSIVE;
				GCC_WARN_UNUSED_FUNCTION = YES;
				GCC_WARN_UNUSED_VARIABLE = YES;
				MTL_ENABLE_DEBUG_INFO = INCLUDE_SOURCE;
				MTL_FAST_MATH = YES;
				ONLY_ACTIVE_ARCH = YES;
				SWIFT_ACTIVE_COMPILATION_CONDITIONS = DEBUG;
				SWIFT_OPTIMIZATION_LEVEL = "-Onone";
			};
			name = Debug;
		};
		55285FC927F694C2006C0645 /* Release */ = {
			isa = XCBuildConfiguration;
			buildSettings = {
				ALWAYS_SEARCH_USER_PATHS = NO;
				CLANG_ANALYZER_NONNULL = YES;
				CLANG_ANALYZER_NUMBER_OBJECT_CONVERSION = YES_AGGRESSIVE;
				CLANG_CXX_LANGUAGE_STANDARD = "gnu++17";
				CLANG_CXX_LIBRARY = "libc++";
				CLANG_ENABLE_MODULES = YES;
				CLANG_ENABLE_OBJC_ARC = YES;
				CLANG_ENABLE_OBJC_WEAK = YES;
				CLANG_WARN_BLOCK_CAPTURE_AUTORELEASING = YES;
				CLANG_WARN_BOOL_CONVERSION = YES;
				CLANG_WARN_COMMA = YES;
				CLANG_WARN_CONSTANT_CONVERSION = YES;
				CLANG_WARN_DEPRECATED_OBJC_IMPLEMENTATIONS = YES;
				CLANG_WARN_DIRECT_OBJC_ISA_USAGE = YES_ERROR;
				CLANG_WARN_DOCUMENTATION_COMMENTS = YES;
				CLANG_WARN_EMPTY_BODY = YES;
				CLANG_WARN_ENUM_CONVERSION = YES;
				CLANG_WARN_INFINITE_RECURSION = YES;
				CLANG_WARN_INT_CONVERSION = YES;
				CLANG_WARN_NON_LITERAL_NULL_CONVERSION = YES;
				CLANG_WARN_OBJC_IMPLICIT_RETAIN_SELF = YES;
				CLANG_WARN_OBJC_LITERAL_CONVERSION = YES;
				CLANG_WARN_OBJC_ROOT_CLASS = YES_ERROR;
				CLANG_WARN_QUOTED_INCLUDE_IN_FRAMEWORK_HEADER = YES;
				CLANG_WARN_RANGE_LOOP_ANALYSIS = YES;
				CLANG_WARN_STRICT_PROTOTYPES = YES;
				CLANG_WARN_SUSPICIOUS_MOVE = YES;
				CLANG_WARN_UNGUARDED_AVAILABILITY = YES_AGGRESSIVE;
				CLANG_WARN_UNREACHABLE_CODE = YES;
				CLANG_WARN__DUPLICATE_METHOD_MATCH = YES;
				COPY_PHASE_STRIP = NO;
				DEBUG_INFORMATION_FORMAT = "dwarf-with-dsym";
				ENABLE_NS_ASSERTIONS = NO;
				ENABLE_STRICT_OBJC_MSGSEND = YES;
				GCC_C_LANGUAGE_STANDARD = gnu11;
				GCC_NO_COMMON_BLOCKS = YES;
				GCC_WARN_64_TO_32_BIT_CONVERSION = YES;
				GCC_WARN_ABOUT_RETURN_TYPE = YES_ERROR;
				GCC_WARN_UNDECLARED_SELECTOR = YES;
				GCC_WARN_UNINITIALIZED_AUTOS = YES_AGGRESSIVE;
				GCC_WARN_UNUSED_FUNCTION = YES;
				GCC_WARN_UNUSED_VARIABLE = YES;
				MTL_ENABLE_DEBUG_INFO = NO;
				MTL_FAST_MATH = YES;
				SWIFT_COMPILATION_MODE = wholemodule;
				SWIFT_OPTIMIZATION_LEVEL = "-O";
			};
			name = Release;
		};
		55285FCB27F694C2006C0645 /* Debug */ = {
			isa = XCBuildConfiguration;
			buildSettings = {
				ASSETCATALOG_COMPILER_APPICON_NAME = AppIcon;
				ASSETCATALOG_COMPILER_GLOBAL_ACCENT_COLOR_NAME = AccentColor;
				CODE_SIGN_STYLE = Automatic;
				CURRENT_PROJECT_VERSION = 1;
				ENABLE_PREVIEWS = YES;
				GENERATE_INFOPLIST_FILE = YES;
				INFOPLIST_KEY_UIApplicationSceneManifest_Generation = YES;
				INFOPLIST_KEY_UIApplicationSupportsIndirectInputEvents = YES;
				INFOPLIST_KEY_UILaunchScreen_Generation = YES;
				INFOPLIST_KEY_UISupportedInterfaceOrientations_iPad = "UIInterfaceOrientationPortrait UIInterfaceOrientationPortraitUpsideDown UIInterfaceOrientationLandscapeLeft UIInterfaceOrientationLandscapeRight";
				INFOPLIST_KEY_UISupportedInterfaceOrientations_iPhone = "UIInterfaceOrientationPortrait UIInterfaceOrientationLandscapeLeft UIInterfaceOrientationLandscapeRight";
				IPHONEOS_DEPLOYMENT_TARGET = 15.2;
				LD_RUNPATH_SEARCH_PATHS = (
					"$(inherited)",
					"@executable_path/Frameworks",
				);
				MARKETING_VERSION = 1.0;
				PRODUCT_BUNDLE_IDENTIFIER = "Griffith-University.simpleGUI";
				PRODUCT_NAME = simpleGUI;
				SDKROOT = iphoneos;
				SWIFT_EMIT_LOC_STRINGS = YES;
				SWIFT_VERSION = 5.0;
				TARGETED_DEVICE_FAMILY = "1,2";
			};
			name = Debug;
		};
		55285FCC27F694C2006C0645 /* Release */ = {
			isa = XCBuildConfiguration;
			buildSettings = {
				ASSETCATALOG_COMPILER_APPICON_NAME = AppIcon;
				ASSETCATALOG_COMPILER_GLOBAL_ACCENT_COLOR_NAME = AccentColor;
				CODE_SIGN_STYLE = Automatic;
				CURRENT_PROJECT_VERSION = 1;
				ENABLE_PREVIEWS = YES;
				GENERATE_INFOPLIST_FILE = YES;
				INFOPLIST_KEY_UIApplicationSceneManifest_Generation = YES;
				INFOPLIST_KEY_UIApplicationSupportsIndirectInputEvents = YES;
				INFOPLIST_KEY_UILaunchScreen_Generation = YES;
				INFOPLIST_KEY_UISupportedInterfaceOrientations_iPad = "UIInterfaceOrientationPortrait UIInterfaceOrientationPortraitUpsideDown UIInterfaceOrientationLandscapeLeft UIInterfaceOrientationLandscapeRight";
				INFOPLIST_KEY_UISupportedInterfaceOrientations_iPhone = "UIInterfaceOrientationPortrait UIInterfaceOrientationLandscapeLeft UIInterfaceOrientationLandscapeRight";
				IPHONEOS_DEPLOYMENT_TARGET = 15.2;
				LD_RUNPATH_SEARCH_PATHS = (
					"$(inherited)",
					"@executable_path/Frameworks",
				);
				MARKETING_VERSION = 1.0;
				PRODUCT_BUNDLE_IDENTIFIER = "Griffith-University.simpleGUI";
				PRODUCT_NAME = simpleGUI;
				SDKROOT = iphoneos;
				SWIFT_EMIT_LOC_STRINGS = YES;
				SWIFT_VERSION = 5.0;
				TARGETED_DEVICE_FAMILY = "1,2";
				VALIDATE_PRODUCT = YES;
			};
			name = Release;
		};
		55285FCE27F694C2006C0645 /* Debug */ = {
			isa = XCBuildConfiguration;
			buildSettings = {
				ASSETCATALOG_COMPILER_APPICON_NAME = AppIcon;
				ASSETCATALOG_COMPILER_GLOBAL_ACCENT_COLOR_NAME = AccentColor;
				CODE_SIGN_ENTITLEMENTS = macOS/macOS.entitlements;
				CODE_SIGN_STYLE = Automatic;
				COMBINE_HIDPI_IMAGES = YES;
				CURRENT_PROJECT_VERSION = 1;
				ENABLE_PREVIEWS = YES;
				GENERATE_INFOPLIST_FILE = YES;
				INFOPLIST_KEY_NSHumanReadableCopyright = "";
				LD_RUNPATH_SEARCH_PATHS = (
					"$(inherited)",
					"@executable_path/../Frameworks",
				);
				MACOSX_DEPLOYMENT_TARGET = 12.0;
				MARKETING_VERSION = 1.0;
				PRODUCT_BUNDLE_IDENTIFIER = "Griffith-University.simpleGUI";
				PRODUCT_NAME = simpleGUI;
				SDKROOT = macosx;
				SWIFT_EMIT_LOC_STRINGS = YES;
				SWIFT_VERSION = 5.0;
			};
			name = Debug;
		};
		55285FCF27F694C2006C0645 /* Release */ = {
			isa = XCBuildConfiguration;
			buildSettings = {
				ASSETCATALOG_COMPILER_APPICON_NAME = AppIcon;
				ASSETCATALOG_COMPILER_GLOBAL_ACCENT_COLOR_NAME = AccentColor;
				CODE_SIGN_ENTITLEMENTS = macOS/macOS.entitlements;
				CODE_SIGN_STYLE = Automatic;
				COMBINE_HIDPI_IMAGES = YES;
				CURRENT_PROJECT_VERSION = 1;
				ENABLE_PREVIEWS = YES;
				GENERATE_INFOPLIST_FILE = YES;
				INFOPLIST_KEY_NSHumanReadableCopyright = "";
				LD_RUNPATH_SEARCH_PATHS = (
					"$(inherited)",
					"@executable_path/../Frameworks",
				);
				MACOSX_DEPLOYMENT_TARGET = 12.0;
				MARKETING_VERSION = 1.0;
				PRODUCT_BUNDLE_IDENTIFIER = "Griffith-University.simpleGUI";
				PRODUCT_NAME = simpleGUI;
				SDKROOT = macosx;
				SWIFT_EMIT_LOC_STRINGS = YES;
				SWIFT_VERSION = 5.0;
			};
			name = Release;
		};
		55285FD127F694C2006C0645 /* Debug */ = {
			isa = XCBuildConfiguration;
			buildSettings = {
				ALWAYS_EMBED_SWIFT_STANDARD_LIBRARIES = YES;
				CODE_SIGN_STYLE = Automatic;
				CURRENT_PROJECT_VERSION = 1;
				GENERATE_INFOPLIST_FILE = YES;
				IPHONEOS_DEPLOYMENT_TARGET = 15.2;
				MARKETING_VERSION = 1.0;
				PRODUCT_BUNDLE_IDENTIFIER = "Griffith-University.Tests-iOS";
				PRODUCT_NAME = "$(TARGET_NAME)";
				SDKROOT = iphoneos;
				SWIFT_EMIT_LOC_STRINGS = NO;
				SWIFT_VERSION = 5.0;
				TARGETED_DEVICE_FAMILY = "1,2";
				TEST_TARGET_NAME = "simpleGUI (iOS)";
			};
			name = Debug;
		};
		55285FD227F694C2006C0645 /* Release */ = {
			isa = XCBuildConfiguration;
			buildSettings = {
				ALWAYS_EMBED_SWIFT_STANDARD_LIBRARIES = YES;
				CODE_SIGN_STYLE = Automatic;
				CURRENT_PROJECT_VERSION = 1;
				GENERATE_INFOPLIST_FILE = YES;
				IPHONEOS_DEPLOYMENT_TARGET = 15.2;
				MARKETING_VERSION = 1.0;
				PRODUCT_BUNDLE_IDENTIFIER = "Griffith-University.Tests-iOS";
				PRODUCT_NAME = "$(TARGET_NAME)";
				SDKROOT = iphoneos;
				SWIFT_EMIT_LOC_STRINGS = NO;
				SWIFT_VERSION = 5.0;
				TARGETED_DEVICE_FAMILY = "1,2";
				TEST_TARGET_NAME = "simpleGUI (iOS)";
				VALIDATE_PRODUCT = YES;
			};
			name = Release;
		};
		55285FD427F694C2006C0645 /* Debug */ = {
			isa = XCBuildConfiguration;
			buildSettings = {
				ALWAYS_EMBED_SWIFT_STANDARD_LIBRARIES = YES;
				CODE_SIGN_STYLE = Automatic;
				CURRENT_PROJECT_VERSION = 1;
				GENERATE_INFOPLIST_FILE = YES;
				MACOSX_DEPLOYMENT_TARGET = 12.0;
				MARKETING_VERSION = 1.0;
				PRODUCT_BUNDLE_IDENTIFIER = "Griffith-University.Tests-macOS";
				PRODUCT_NAME = "$(TARGET_NAME)";
				SDKROOT = macosx;
				SWIFT_EMIT_LOC_STRINGS = NO;
				SWIFT_VERSION = 5.0;
				TEST_TARGET_NAME = "simpleGUI (macOS)";
			};
			name = Debug;
		};
		55285FD527F694C2006C0645 /* Release */ = {
			isa = XCBuildConfiguration;
			buildSettings = {
				ALWAYS_EMBED_SWIFT_STANDARD_LIBRARIES = YES;
				CODE_SIGN_STYLE = Automatic;
				CURRENT_PROJECT_VERSION = 1;
				GENERATE_INFOPLIST_FILE = YES;
				MACOSX_DEPLOYMENT_TARGET = 12.0;
				MARKETING_VERSION = 1.0;
				PRODUCT_BUNDLE_IDENTIFIER = "Griffith-University.Tests-macOS";
				PRODUCT_NAME = "$(TARGET_NAME)";
				SDKROOT = macosx;
				SWIFT_EMIT_LOC_STRINGS = NO;
				SWIFT_VERSION = 5.0;
				TEST_TARGET_NAME = "simpleGUI (macOS)";
			};
			name = Release;
		};
/* End XCBuildConfiguration section */

/* Begin XCConfigurationList section */
		55285F9827F694C1006C0645 /* Build configuration list for PBXProject "simpleGUI" */ = {
			isa = XCConfigurationList;
			buildConfigurations = (
				55285FC827F694C2006C0645 /* Debug */,
				55285FC927F694C2006C0645 /* Release */,
			);
			defaultConfigurationIsVisible = 0;
			defaultConfigurationName = Release;
		};
		55285FCA27F694C2006C0645 /* Build configuration list for PBXNativeTarget "simpleGUI (iOS)" */ = {
			isa = XCConfigurationList;
			buildConfigurations = (
				55285FCB27F694C2006C0645 /* Debug */,
				55285FCC27F694C2006C0645 /* Release */,
			);
			defaultConfigurationIsVisible = 0;
			defaultConfigurationName = Release;
		};
		55285FCD27F694C2006C0645 /* Build configuration list for PBXNativeTarget "simpleGUI (macOS)" */ = {
			isa = XCConfigurationList;
			buildConfigurations = (
				55285FCE27F694C2006C0645 /* Debug */,
				55285FCF27F694C2006C0645 /* Release */,
			);
			defaultConfigurationIsVisible = 0;
			defaultConfigurationName = Release;
		};
		55285FD027F694C2006C0645 /* Build configuration list for PBXNativeTarget "Tests iOS" */ = {
			isa = XCConfigurationList;
			buildConfigurations = (
				55285FD127F694C2006C0645 /* Debug */,
				55285FD227F694C2006C0645 /* Release */,
			);
			defaultConfigurationIsVisible = 0;
			defaultConfigurationName = Release;
		};
		55285FD327F694C2006C0645 /* Build configuration list for PBXNativeTarget "Tests macOS" */ = {
			isa = XCConfigurationList;
			buildConfigurations = (
				55285FD427F694C2006C0645 /* Debug */,
				55285FD527F694C2006C0645 /* Release */,
			);
			defaultConfigurationIsVisible = 0;
			defaultConfigurationName = Release;
		};
/* End XCConfigurationList section */
	};
	rootObject = 55285F9527F694C1006C0645 /* Project object */;
}
